
Microsoft Visual Studio Solution File, Format Version 12.00
# Visual Studio Version 17
VisualStudioVersion = 17.9.34526.213
MinimumVisualStudioVersion = 10.0.40219.1
Project("{9A19103F-16F7-4668-BE54-9A1E7A4F7556}") = "Stage2", "Stage2\Stage2.csproj", "{3FD0A266-9E5D-4508-8A48-E91A6C246023}"
EndProject
Project("{FAE04EC0-301F-11D3-BF4B-00C04F79EFBC}") = "Stage2Library", "Stage2Library\Stage2Library.csproj", "{F74214FA-7307-4B90-9F3D-70180832FD98}"
EndProject
Global
	GlobalSection(SolutionConfigurationPlatforms) = preSolution
		Debug|Any CPU = Debug|Any CPU
		Release|Any CPU = Release|Any CPU
	EndGlobalSection
	GlobalSection(ProjectConfigurationPlatforms) = postSolution
		{3FD0A266-9E5D-4508-8A48-E91A6C246023}.Debug|Any CPU.ActiveCfg = Debug|Any CPU
		{3FD0A266-9E5D-4508-8A48-E91A6C246023}.Debug|Any CPU.Build.0 = Debug|Any CPU
		{3FD0A266-9E5D-4508-8A48-E91A6C246023}.Release|Any CPU.ActiveCfg = Release|Any CPU
		{3FD0A266-9E5D-4508-8A48-E91A6C246023}.Release|Any CPU.Build.0 = Release|Any CPU
		{F74214FA-7307-4B90-9F3D-70180832FD98}.Debug|Any CPU.ActiveCfg = Debug|Any CPU
		{F74214FA-7307-4B90-9F3D-70180832FD98}.Debug|Any CPU.Build.0 = Debug|Any CPU
		{F74214FA-7307-4B90-9F3D-70180832FD98}.Release|Any CPU.ActiveCfg = Release|Any CPU
		{F74214FA-7307-4B90-9F3D-70180832FD98}.Release|Any CPU.Build.0 = Release|Any CPU
	EndGlobalSection
	GlobalSection(SolutionProperties) = preSolution
		HideSolutionNode = FALSE
	EndGlobalSection
	GlobalSection(ExtensibilityGlobals) = postSolution
		SolutionGuid = {D661705B-4DF3-4343-9F5C-09820E9FB692}
	EndGlobalSection
EndGlobal
